{
  "name": "aqua-dependencies",
  "lockfileVersion": 3,
  "requires": true,
  "packages": {
    "": {
      "dependencies": {
        "@fluencelabs/aqua-lib": "0.12.1",
        "@fluencelabs/spell": "0.7.6"
      }
    },
    "node_modules/@fluencelabs/aqua-lib": {
      "version": "0.12.1",
      "resolved": "https://registry.npmjs.org/@fluencelabs/aqua-lib/-/aqua-lib-0.12.1.tgz",
      "integrity": "sha512-iqCoBlsc7Zr9eqFg2CBKsUUgu44viBLnUkP0fhz8vsYYzNi54/zBEpi8Vtr7JPZwPsH/ee09FSstPf6aGKiERw==",
      "license": "MIT"
    },
    "node_modules/@fluencelabs/spell": {
      "version": "0.7.6",
      "resolved": "https://registry.npmjs.org/@fluencelabs/spell/-/spell-0.7.6.tgz",
      "integrity": "sha512-xGhB5BxOmel3MNiBJvRPmsHuvXhH0Uaje8WmnCRIskmH1fqQ/Ed7TFTtB3WruDvmBlaQTUqkkzI4JS9h5EZo7A==",
      "license": "Apache-2.0",
      "dependencies": {
        "@fluencelabs/aqua-lib": "0.10.1"
      },
      "engines": {
        "node": ">=18",
        "pnpm": ">=8"
      }
    },
    "node_modules/@fluencelabs/spell/node_modules/@fluencelabs/aqua-lib": {
      "version": "0.10.1",
      "resolved": "https://registry.npmjs.org/@fluencelabs/aqua-lib/-/aqua-lib-0.10.1.tgz",
      "integrity": "sha512-zwg7faVsmUmfiV5EScVs0p+BArzJzFRfgjcigKzoxB5DvQRb64+OSs7Pmt8flSfV4iprPf1RQT9vhsDvdOsK0g==",
      "license": "MIT"
    }
  }
}
