{
  "name": "cli-aqua-dependencies",
  "lockfileVersion": 3,
  "requires": true,
  "packages": {
    "": {
      "dependencies": {
        "@fluencelabs/installation-spell": "0.6.1"
      }
    },
    "node_modules/@fluencelabs/aqua-ipfs": {
      "version": "0.5.24",
      "resolved": "https://registry.npmjs.org/@fluencelabs/aqua-ipfs/-/aqua-ipfs-0.5.24.tgz",
      "integrity": "sha512-VBJN3JycQk20vb/Gjz7r4b9EMJDp+BB7YwvdfZYK88CwpHaSmu+pKOA1Zj7tBBDa6vZyKsqxhZp7Em9Ad+TTdg==",
      "dependencies": {
        "@fluencelabs/aqua-lib": "0.8.1"
      }
    },
    "node_modules/@fluencelabs/aqua-lib": {
      "version": "0.8.1",
      "resolved": "https://registry.npmjs.org/@fluencelabs/aqua-lib/-/aqua-lib-0.8.1.tgz",
      "integrity": "sha512-VLslkhi3hsNLWkgsoCyceCediqkicWphMVHZ+9eEkgMumepvo7TcqiYC14bl2LpZjn7YZ6y/OzK+Ffy8ADfKdA=="
    },
    "node_modules/@fluencelabs/installation-spell": {
      "version": "0.6.1",
      "resolved": "https://registry.npmjs.org/@fluencelabs/installation-spell/-/installation-spell-0.6.1.tgz",
      "integrity": "sha512-5as5+PQqCauqRJAX38LEx8wS5wRv1vB/IS2N4pftBZg0FERv3BfLehIR1StRFGEq0Ho2zC/NJ109Hjoy9ELn7A==",
      "dependencies": {
        "@fluencelabs/aqua-ipfs": "0.5.24",
        "@fluencelabs/aqua-lib": "0.9.0",
        "@fluencelabs/spell": "0.6.1"
      },
      "engines": {
        "node": ">=18",
        "pnpm": ">=8"
      }
    },
    "node_modules/@fluencelabs/installation-spell/node_modules/@fluencelabs/aqua-lib": {
      "version": "0.9.0",
      "resolved": "https://registry.npmjs.org/@fluencelabs/aqua-lib/-/aqua-lib-0.9.0.tgz",
      "integrity": "sha512-V0xhc0UXBF6kjfL9Y/agWGQuW+ie2zckj37KWv8Dq4teYuo9N94O4Ynm7XULWHaaWtbWvzFcDcc6nc9qG7gxcQ=="
    },
    "node_modules/@fluencelabs/spell": {
      "version": "0.6.1",
      "resolved": "https://registry.npmjs.org/@fluencelabs/spell/-/spell-0.6.1.tgz",
      "integrity": "sha512-wb8NNdytOj6PlXiBlLNQD0YWPbkKPd9ShNFGE1zfyFHh69/yMYPhezCiG0nYhLLs6jQf1ilx04KnC40Lu2Dl0g==",
      "dependencies": {
        "@fluencelabs/aqua-lib": "0.9.0"
      },
      "engines": {
        "node": ">=18",
        "pnpm": ">=8"
      }
    },
    "node_modules/@fluencelabs/spell/node_modules/@fluencelabs/aqua-lib": {
      "version": "0.9.0",
      "resolved": "https://registry.npmjs.org/@fluencelabs/aqua-lib/-/aqua-lib-0.9.0.tgz",
      "integrity": "sha512-V0xhc0UXBF6kjfL9Y/agWGQuW+ie2zckj37KWv8Dq4teYuo9N94O4Ynm7XULWHaaWtbWvzFcDcc6nc9qG7gxcQ=="
    }
  }
}
