{
  "name": "cli-aqua-dependencies",
  "lockfileVersion": 3,
  "requires": true,
  "packages": {
    "": {
      "dependencies": {
        "@fluencelabs/installation-spell": "0.6.5"
      }
    },
    "node_modules/@fluencelabs/aqua-ipfs": {
      "version": "0.5.29",
      "resolved": "https://registry.npmjs.org/@fluencelabs/aqua-ipfs/-/aqua-ipfs-0.5.29.tgz",
      "integrity": "sha512-9MwonBKJikwHwtIVIAun7YGS2QX6Wsm42DsQMl2a0/q1W+Jjno4KrgN9y7n6K0dlH2PgRv+DHF7D+KVDctwAMA==",
      "dependencies": {
        "@fluencelabs/aqua-lib": "0.9.0"
      }
    },
    "node_modules/@fluencelabs/aqua-lib": {
      "version": "0.9.0",
      "resolved": "https://registry.npmjs.org/@fluencelabs/aqua-lib/-/aqua-lib-0.9.0.tgz",
      "integrity": "sha512-V0xhc0UXBF6kjfL9Y/agWGQuW+ie2zckj37KWv8Dq4teYuo9N94O4Ynm7XULWHaaWtbWvzFcDcc6nc9qG7gxcQ=="
    },
    "node_modules/@fluencelabs/installation-spell": {
      "version": "0.6.5",
      "resolved": "https://registry.npmjs.org/@fluencelabs/installation-spell/-/installation-spell-0.6.5.tgz",
      "integrity": "sha512-pU6wX8089a/KUhsHLxZho3KZqK1htmHy2dmBFAfMdBxwFqgFvKlWO6u31C5QzIgvl2tRygAput/yGyBqtgzPoA==",
      "dependencies": {
        "@fluencelabs/aqua-ipfs": "0.5.29",
        "@fluencelabs/aqua-lib": "0.9.0",
        "@fluencelabs/spell": "0.6.5"
      },
      "engines": {
        "node": ">=18",
        "pnpm": ">=8"
      }
    },
    "node_modules/@fluencelabs/spell": {
      "version": "0.6.5",
      "resolved": "https://registry.npmjs.org/@fluencelabs/spell/-/spell-0.6.5.tgz",
      "integrity": "sha512-UsJQ/aBt/zErdnwF7ik6MIH95EiPcmix/lcmYuro3Korrw45G4Y9VOxJknWxpwDwB+UsztbqcKT6AHTQ2dkw7A==",
      "dependencies": {
        "@fluencelabs/aqua-lib": "0.9.0"
      },
      "engines": {
        "node": ">=18",
        "pnpm": ">=8"
      }
    }
  }
}
