{
  "name": "cli-aqua-dependencies",
  "lockfileVersion": 3,
  "requires": true,
  "packages": {
    "": {
      "dependencies": {
        "@fluencelabs/installation-spell": "0.6.6"
      }
    },
    "node_modules/@fluencelabs/aqua-ipfs": {
      "version": "0.5.30",
      "resolved": "https://registry.npmjs.org/@fluencelabs/aqua-ipfs/-/aqua-ipfs-0.5.30.tgz",
      "integrity": "sha512-UsZRJJwCZZTcksruzGMJtvtwcdBTKLkw+OxfvM12hhJdhyFYGGGtsz7zyqNmLcqDy82fRhZOvAx68oIjCIeJBg==",
      "dependencies": {
        "@fluencelabs/aqua-lib": "0.9.0"
      }
    },
    "node_modules/@fluencelabs/aqua-lib": {
      "version": "0.9.0",
      "resolved": "https://registry.npmjs.org/@fluencelabs/aqua-lib/-/aqua-lib-0.9.0.tgz",
      "integrity": "sha512-V0xhc0UXBF6kjfL9Y/agWGQuW+ie2zckj37KWv8Dq4teYuo9N94O4Ynm7XULWHaaWtbWvzFcDcc6nc9qG7gxcQ=="
    },
    "node_modules/@fluencelabs/installation-spell": {
      "version": "0.6.6",
      "resolved": "https://registry.npmjs.org/@fluencelabs/installation-spell/-/installation-spell-0.6.6.tgz",
      "integrity": "sha512-3fA6A6JGjX777TdIjpjCjSTQlS23I4OzvLokQMqr2UeR7tSWdYgQlHkHZfHkYChnkO+QWI545XJ7FcqD/mEyuQ==",
      "dependencies": {
        "@fluencelabs/aqua-ipfs": "0.5.30",
        "@fluencelabs/aqua-lib": "0.9.0",
        "@fluencelabs/spell": "0.6.6"
      },
      "engines": {
        "node": ">=18",
        "pnpm": ">=8"
      }
    },
    "node_modules/@fluencelabs/spell": {
      "version": "0.6.6",
      "resolved": "https://registry.npmjs.org/@fluencelabs/spell/-/spell-0.6.6.tgz",
      "integrity": "sha512-DKybgga6vNSSdCvwm+9gKKEQ6tkaJZ+iOMggegvMuhsnnB210ugIJ4QG0l31pUmuSRsBv5TkP4NLUUz9jpdkNg==",
      "dependencies": {
        "@fluencelabs/aqua-lib": "0.9.0"
      },
      "engines": {
        "node": ">=18",
        "pnpm": ">=8"
      }
    }
  }
}
